
Microsoft Visual Studio Solution File, Format Version 12.00
# Visual Studio Version 17
VisualStudioVersion = 17.5.33627.172
MinimumVisualStudioVersion = 10.0.40219.1
Project("{FAE04EC0-301F-11D3-BF4B-00C04F79EFBC}") = "AsisPeMov2.Android", "AsisPeMov2.Android\AsisPeMov2.Android.csproj", "{6BE3A502-D145-4103-B302-0692396B97DC}"
EndProject
Project("{FAE04EC0-301F-11D3-BF4B-00C04F79EFBC}") = "AsisPeMov2.iOS", "AsisPeMov2.iOS\AsisPeMov2.iOS.csproj", "{F728DBBC-756E-4638-97F5-4C02C2ACB55C}"
EndProject
Project("{FAE04EC0-301F-11D3-BF4B-00C04F79EFBC}") = "AsisPeMov2", "AsisPeMov2\AsisPeMov2.csproj", "{E8F93D5D-1791-4EEC-8678-DA90376D50B2}"
EndProject
Global
	GlobalSection(SolutionConfigurationPlatforms) = preSolution
		Debug|Any CPU = Debug|Any CPU
		Debug|iPhone = Debug|iPhone
		Debug|iPhoneSimulator = Debug|iPhoneSimulator
		Release|Any CPU = Release|Any CPU
		Release|iPhone = Release|iPhone
		Release|iPhoneSimulator = Release|iPhoneSimulator
	EndGlobalSection
	GlobalSection(ProjectConfigurationPlatforms) = postSolution
		{6BE3A502-D145-4103-B302-0692396B97DC}.Debug|Any CPU.ActiveCfg = Debug|Any CPU
		{6BE3A502-D145-4103-B302-0692396B97DC}.Debug|Any CPU.Build.0 = Debug|Any CPU
		{6BE3A502-D145-4103-B302-0692396B97DC}.Debug|Any CPU.Deploy.0 = Debug|Any CPU
		{6BE3A502-D145-4103-B302-0692396B97DC}.Debug|iPhone.ActiveCfg = Debug|Any CPU
		{6BE3A502-D145-4103-B302-0692396B97DC}.Debug|iPhone.Build.0 = Debug|Any CPU
		{6BE3A502-D145-4103-B302-0692396B97DC}.Debug|iPhone.Deploy.0 = Debug|Any CPU
		{6BE3A502-D145-4103-B302-0692396B97DC}.Debug|iPhoneSimulator.ActiveCfg = Debug|Any CPU
		{6BE3A502-D145-4103-B302-0692396B97DC}.Debug|iPhoneSimulator.Build.0 = Debug|Any CPU
		{6BE3A502-D145-4103-B302-0692396B97DC}.Debug|iPhoneSimulator.Deploy.0 = Debug|Any CPU
		{6BE3A502-D145-4103-B302-0692396B97DC}.Release|Any CPU.ActiveCfg = Release|Any CPU
		{6BE3A502-D145-4103-B302-0692396B97DC}.Release|Any CPU.Build.0 = Release|Any CPU
		{6BE3A502-D145-4103-B302-0692396B97DC}.Release|Any CPU.Deploy.0 = Release|Any CPU
		{6BE3A502-D145-4103-B302-0692396B97DC}.Release|iPhone.ActiveCfg = Release|Any CPU
		{6BE3A502-D145-4103-B302-0692396B97DC}.Release|iPhone.Build.0 = Release|Any CPU
		{6BE3A502-D145-4103-B302-0692396B97DC}.Release|iPhone.Deploy.0 = Release|Any CPU
		{6BE3A502-D145-4103-B302-0692396B97DC}.Release|iPhoneSimulator.ActiveCfg = Release|Any CPU
		{6BE3A502-D145-4103-B302-0692396B97DC}.Release|iPhoneSimulator.Build.0 = Release|Any CPU
		{6BE3A502-D145-4103-B302-0692396B97DC}.Release|iPhoneSimulator.Deploy.0 = Release|Any CPU
		{F728DBBC-756E-4638-97F5-4C02C2ACB55C}.Debug|Any CPU.ActiveCfg = Debug|iPhone
		{F728DBBC-756E-4638-97F5-4C02C2ACB55C}.Debug|Any CPU.Build.0 = Debug|iPhone
		{F728DBBC-756E-4638-97F5-4C02C2ACB55C}.Debug|Any CPU.Deploy.0 = Debug|iPhone
		{F728DBBC-756E-4638-97F5-4C02C2ACB55C}.Debug|iPhone.ActiveCfg = Debug|iPhone
		{F728DBBC-756E-4638-97F5-4C02C2ACB55C}.Debug|iPhone.Build.0 = Debug|iPhone
		{F728DBBC-756E-4638-97F5-4C02C2ACB55C}.Debug|iPhone.Deploy.0 = Debug|iPhone
		{F728DBBC-756E-4638-97F5-4C02C2ACB55C}.Debug|iPhoneSimulator.ActiveCfg = Debug|iPhoneSimulator
		{F728DBBC-756E-4638-97F5-4C02C2ACB55C}.Debug|iPhoneSimulator.Build.0 = Debug|iPhoneSimulator
		{F728DBBC-756E-4638-97F5-4C02C2ACB55C}.Debug|iPhoneSimulator.Deploy.0 = Debug|iPhoneSimulator
		{F728DBBC-756E-4638-97F5-4C02C2ACB55C}.Release|Any CPU.ActiveCfg = Release|iPhoneSimulator
		{F728DBBC-756E-4638-97F5-4C02C2ACB55C}.Release|Any CPU.Build.0 = Release|iPhoneSimulator
		{F728DBBC-756E-4638-97F5-4C02C2ACB55C}.Release|Any CPU.Deploy.0 = Release|iPhoneSimulator
		{F728DBBC-756E-4638-97F5-4C02C2ACB55C}.Release|iPhone.ActiveCfg = Release|iPhone
		{F728DBBC-756E-4638-97F5-4C02C2ACB55C}.Release|iPhone.Build.0 = Release|iPhone
		{F728DBBC-756E-4638-97F5-4C02C2ACB55C}.Release|iPhone.Deploy.0 = Release|iPhone
		{F728DBBC-756E-4638-97F5-4C02C2ACB55C}.Release|iPhoneSimulator.ActiveCfg = Release|iPhoneSimulator
		{F728DBBC-756E-4638-97F5-4C02C2ACB55C}.Release|iPhoneSimulator.Build.0 = Release|iPhoneSimulator
		{F728DBBC-756E-4638-97F5-4C02C2ACB55C}.Release|iPhoneSimulator.Deploy.0 = Release|iPhoneSimulator
		{E8F93D5D-1791-4EEC-8678-DA90376D50B2}.Debug|Any CPU.ActiveCfg = Debug|Any CPU
		{E8F93D5D-1791-4EEC-8678-DA90376D50B2}.Debug|Any CPU.Build.0 = Debug|Any CPU
		{E8F93D5D-1791-4EEC-8678-DA90376D50B2}.Debug|Any CPU.Deploy.0 = Debug|Any CPU
		{E8F93D5D-1791-4EEC-8678-DA90376D50B2}.Debug|iPhone.ActiveCfg = Debug|Any CPU
		{E8F93D5D-1791-4EEC-8678-DA90376D50B2}.Debug|iPhone.Build.0 = Debug|Any CPU
		{E8F93D5D-1791-4EEC-8678-DA90376D50B2}.Debug|iPhone.Deploy.0 = Debug|Any CPU
		{E8F93D5D-1791-4EEC-8678-DA90376D50B2}.Debug|iPhoneSimulator.ActiveCfg = Debug|Any CPU
		{E8F93D5D-1791-4EEC-8678-DA90376D50B2}.Debug|iPhoneSimulator.Build.0 = Debug|Any CPU
		{E8F93D5D-1791-4EEC-8678-DA90376D50B2}.Debug|iPhoneSimulator.Deploy.0 = Debug|Any CPU
		{E8F93D5D-1791-4EEC-8678-DA90376D50B2}.Release|Any CPU.ActiveCfg = Release|Any CPU
		{E8F93D5D-1791-4EEC-8678-DA90376D50B2}.Release|Any CPU.Build.0 = Release|Any CPU
		{E8F93D5D-1791-4EEC-8678-DA90376D50B2}.Release|Any CPU.Deploy.0 = Release|Any CPU
		{E8F93D5D-1791-4EEC-8678-DA90376D50B2}.Release|iPhone.ActiveCfg = Release|Any CPU
		{E8F93D5D-1791-4EEC-8678-DA90376D50B2}.Release|iPhone.Build.0 = Release|Any CPU
		{E8F93D5D-1791-4EEC-8678-DA90376D50B2}.Release|iPhone.Deploy.0 = Release|Any CPU
		{E8F93D5D-1791-4EEC-8678-DA90376D50B2}.Release|iPhoneSimulator.ActiveCfg = Release|Any CPU
		{E8F93D5D-1791-4EEC-8678-DA90376D50B2}.Release|iPhoneSimulator.Build.0 = Release|Any CPU
		{E8F93D5D-1791-4EEC-8678-DA90376D50B2}.Release|iPhoneSimulator.Deploy.0 = Release|Any CPU
	EndGlobalSection
	GlobalSection(SolutionProperties) = preSolution
		HideSolutionNode = FALSE
	EndGlobalSection
	GlobalSection(ExtensibilityGlobals) = postSolution
		SolutionGuid = {F59D7768-DB12-4FF3-90FA-7D050508722E}
	EndGlobalSection
EndGlobal
